// !$*UTF8*$!
{
	archiveVersion = 1;
	classes = {
	};
	objectVersion = 56;
	objects = {

/* Begin PBXBuildFile section */
		DC6240E62A39EB2E002CEFC9 /* AppDelegate.swift in Sources */ = {isa = PBXBuildFile; fileRef = DC6240E52A39EB2E002CEFC9 /* AppDelegate.swift */; };
		DC6240E82A39EB2E002CEFC9 /* SceneDelegate.swift in Sources */ = {isa = PBXBuildFile; fileRef = DC6240E72A39EB2E002CEFC9 /* SceneDelegate.swift */; };
		DC6240ED2A39EB2E002CEFC9 /* Main.storyboard in Resources */ = {isa = PBXBuildFile; fileRef = DC6240EB2A39EB2E002CEFC9 /* Main.storyboard */; };
		DC6240EF2A39EB30002CEFC9 /* Assets.xcassets in Resources */ = {isa = PBXBuildFile; fileRef = DC6240EE2A39EB30002CEFC9 /* Assets.xcassets */; };
		DC6240F22A39EB30002CEFC9 /* LaunchScreen.storyboard in Resources */ = {isa = PBXBuildFile; fileRef = DC6240F02A39EB30002CEFC9 /* LaunchScreen.storyboard */; };
		DC6241072A39EB31002CEFC9 /* TalaOyebaNdemboUITests.swift in Sources */ = {isa = PBXBuildFile; fileRef = DC6241062A39EB31002CEFC9 /* TalaOyebaNdemboUITests.swift */; };
		DC6241092A39EB31002CEFC9 /* TalaOyebaNdemboUITestsLaunchTests.swift in Sources */ = {isa = PBXBuildFile; fileRef = DC6241082A39EB31002CEFC9 /* TalaOyebaNdemboUITestsLaunchTests.swift */; };
		DC62411C2A39F88F002CEFC9 /* APIService.swift in Sources */ = {isa = PBXBuildFile; fileRef = DC62411B2A39F88F002CEFC9 /* APIService.swift */; };
		DC62411E2A39F93D002CEFC9 /* ViewController+Extension.swift in Sources */ = {isa = PBXBuildFile; fileRef = DC62411D2A39F93D002CEFC9 /* ViewController+Extension.swift */; };
		DC6241202A39F972002CEFC9 /* UIImageView+Extension.swift in Sources */ = {isa = PBXBuildFile; fileRef = DC62411F2A39F972002CEFC9 /* UIImageView+Extension.swift */; };
		DC6241242A39F9D3002CEFC9 /* CoreDataGenericService.swift in Sources */ = {isa = PBXBuildFile; fileRef = DC6241232A39F9D3002CEFC9 /* CoreDataGenericService.swift */; };
		DC6241262A39F9F7002CEFC9 /* CoreDataStack.swift in Sources */ = {isa = PBXBuildFile; fileRef = DC6241252A39F9F7002CEFC9 /* CoreDataStack.swift */; };
		DC6241292A39FA33002CEFC9 /* LeagueCoreData.xcdatamodeld in Sources */ = {isa = PBXBuildFile; fileRef = DC6241272A39FA33002CEFC9 /* LeagueCoreData.xcdatamodeld */; };
		DC62412C2A39FA90002CEFC9 /* TeamCoreData.xcdatamodeld in Sources */ = {isa = PBXBuildFile; fileRef = DC62412A2A39FA90002CEFC9 /* TeamCoreData.xcdatamodeld */; };
		DC6241332A39FBA3002CEFC9 /* League.swift in Sources */ = {isa = PBXBuildFile; fileRef = DC6241322A39FBA3002CEFC9 /* League.swift */; };
		DC6241352A39FBE3002CEFC9 /* LeagueModel.swift in Sources */ = {isa = PBXBuildFile; fileRef = DC6241342A39FBE3002CEFC9 /* LeagueModel.swift */; };
		DC6241372A39FC02002CEFC9 /* LeagueData.swift in Sources */ = {isa = PBXBuildFile; fileRef = DC6241362A39FC02002CEFC9 /* LeagueData.swift */; };
		DC6241392A39FC22002CEFC9 /* LeagueSavedModel.swift in Sources */ = {isa = PBXBuildFile; fileRef = DC6241382A39FC22002CEFC9 /* LeagueSavedModel.swift */; };
		DC62413B2A3A0002002CEFC9 /* TeamsData.swift in Sources */ = {isa = PBXBuildFile; fileRef = DC62413A2A3A0002002CEFC9 /* TeamsData.swift */; };
		DC62413D2A3A0027002CEFC9 /* SearchModel.swift in Sources */ = {isa = PBXBuildFile; fileRef = DC62413C2A3A0027002CEFC9 /* SearchModel.swift */; };
		DC62413F2A3A0058002CEFC9 /* LeagueSearchViewController.swift in Sources */ = {isa = PBXBuildFile; fileRef = DC62413E2A3A0058002CEFC9 /* LeagueSearchViewController.swift */; };
		DC6241412A3A0083002CEFC9 /* SearchTeamsViewController.swift in Sources */ = {isa = PBXBuildFile; fileRef = DC6241402A3A0083002CEFC9 /* SearchTeamsViewController.swift */; };
		DC6241432A3A00AF002CEFC9 /* DetailsTeamsViewController.swift in Sources */ = {isa = PBXBuildFile; fileRef = DC6241422A3A00AF002CEFC9 /* DetailsTeamsViewController.swift */; };
		DC6241452A3A00D5002CEFC9 /* WebViewController.swift in Sources */ = {isa = PBXBuildFile; fileRef = DC6241442A3A00D5002CEFC9 /* WebViewController.swift */; };
		DC62414A2A3A0161002CEFC9 /* FavouriteTeamModel.swift in Sources */ = {isa = PBXBuildFile; fileRef = DC6241492A3A0161002CEFC9 /* FavouriteTeamModel.swift */; };
		DC62414C2A3A0187002CEFC9 /* TeamEntity.swift in Sources */ = {isa = PBXBuildFile; fileRef = DC62414B2A3A0187002CEFC9 /* TeamEntity.swift */; };
		DC62414E2A3A01F1002CEFC9 /* FavouriteTeamsViewController.swift in Sources */ = {isa = PBXBuildFile; fileRef = DC62414D2A3A01F1002CEFC9 /* FavouriteTeamsViewController.swift */; };
		DC6241502A3A027F002CEFC9 /* Research.storyboard in Resources */ = {isa = PBXBuildFile; fileRef = DC62414F2A3A027F002CEFC9 /* Research.storyboard */; };
		DC6241522A3A02E1002CEFC9 /* FavouriteTeams.storyboard in Resources */ = {isa = PBXBuildFile; fileRef = DC6241512A3A02E1002CEFC9 /* FavouriteTeams.storyboard */; };
		DC6241542A3A03F5002CEFC9 /* TeamTableViewCell.swift in Sources */ = {isa = PBXBuildFile; fileRef = DC6241532A3A03F5002CEFC9 /* TeamTableViewCell.swift */; };
		DC6241562A3A0427002CEFC9 /* LeagueTableViewCell.swift in Sources */ = {isa = PBXBuildFile; fileRef = DC6241552A3A0427002CEFC9 /* LeagueTableViewCell.swift */; };
		DC6241582A3A0450002CEFC9 /* TeamCell.xib in Resources */ = {isa = PBXBuildFile; fileRef = DC6241572A3A0450002CEFC9 /* TeamCell.xib */; };
		DC6241602A3A35C6002CEFC9 /* Alamofire in Frameworks */ = {isa = PBXBuildFile; productRef = DC62415F2A3A35C6002CEFC9 /* Alamofire */; };
		DC62416D2A3A5937002CEFC9 /* FavouriteTeamTestCase.swift in Sources */ = {isa = PBXBuildFile; fileRef = DC62416C2A3A5937002CEFC9 /* FavouriteTeamTestCase.swift */; };
		DC62416F2A3A596D002CEFC9 /* TestFavouriteTeamCoreData.swift in Sources */ = {isa = PBXBuildFile; fileRef = DC62416E2A3A596D002CEFC9 /* TestFavouriteTeamCoreData.swift */; };
		DC6241712A3A635D002CEFC9 /* GoogleService-Info.plist in Resources */ = {isa = PBXBuildFile; fileRef = DC6241702A3A635D002CEFC9 /* GoogleService-Info.plist */; };
		DC6241742A3A649B002CEFC9 /* FirebaseAnalytics in Frameworks */ = {isa = PBXBuildFile; productRef = DC6241732A3A649B002CEFC9 /* FirebaseAnalytics */; };
		DC6241762A3A649B002CEFC9 /* FirebaseAnalyticsSwift in Frameworks */ = {isa = PBXBuildFile; productRef = DC6241752A3A649B002CEFC9 /* FirebaseAnalyticsSwift */; };
		DC6241782A3A649B002CEFC9 /* FirebaseAuth in Frameworks */ = {isa = PBXBuildFile; productRef = DC6241772A3A649B002CEFC9 /* FirebaseAuth */; };
		DC62417A2A3A649B002CEFC9 /* FirebaseCrashlytics in Frameworks */ = {isa = PBXBuildFile; productRef = DC6241792A3A649B002CEFC9 /* FirebaseCrashlytics */; };
		DC62417D2A3A65DA002CEFC9 /* FirebaseAnalytics in Frameworks */ = {isa = PBXBuildFile; productRef = DC62417C2A3A65DA002CEFC9 /* FirebaseAnalytics */; };
		DC62417F2A3A65E7002CEFC9 /* FirebaseCrashlytics in Frameworks */ = {isa = PBXBuildFile; productRef = DC62417E2A3A65E7002CEFC9 /* FirebaseCrashlytics */; };
		DC6241832A3A68C3002CEFC9 /* TestSavedLeagueCoreDataStack.swift in Sources */ = {isa = PBXBuildFile; fileRef = DC6241822A3A68C3002CEFC9 /* TestSavedLeagueCoreDataStack.swift */; };
		DC6241852A3A6924002CEFC9 /* SavedLeagueTestCase.swift in Sources */ = {isa = PBXBuildFile; fileRef = DC6241842A3A6924002CEFC9 /* SavedLeagueTestCase.swift */; };
		DC6241882A3A6B23002CEFC9 /* SearchModelTest.swift in Sources */ = {isa = PBXBuildFile; fileRef = DC6241872A3A6B23002CEFC9 /* SearchModelTest.swift */; };
		DC62418A2A3A6B67002CEFC9 /* FakeResponseData.swift in Sources */ = {isa = PBXBuildFile; fileRef = DC6241892A3A6B67002CEFC9 /* FakeResponseData.swift */; };
		DC62418C2A3A6BD1002CEFC9 /* TheSportsDBLeague.json in Resources */ = {isa = PBXBuildFile; fileRef = DC62418B2A3A6BD1002CEFC9 /* TheSportsDBLeague.json */; };
		DC62418F2A3A6C57002CEFC9 /* TestLeagueModel.swift in Sources */ = {isa = PBXBuildFile; fileRef = DC62418E2A3A6C57002CEFC9 /* TestLeagueModel.swift */; };
		DC6241912A3A6C9F002CEFC9 /* TheSportsDB.json in Resources */ = {isa = PBXBuildFile; fileRef = DC6241902A3A6C9F002CEFC9 /* TheSportsDB.json */; };
/* End PBXBuildFile section */

/* Begin PBXContainerItemProxy section */
		DC6240F92A39EB30002CEFC9 /* PBXContainerItemProxy */ = {
			isa = PBXContainerItemProxy;
			containerPortal = DC6240DA2A39EB2E002CEFC9 /* Project object */;
			proxyType = 1;
			remoteGlobalIDString = DC6240E12A39EB2E002CEFC9;
			remoteInfo = TalaOyebaNdembo;
		};
		DC6241032A39EB31002CEFC9 /* PBXContainerItemProxy */ = {
			isa = PBXContainerItemProxy;
			containerPortal = DC6240DA2A39EB2E002CEFC9 /* Project object */;
			proxyType = 1;
			remoteGlobalIDString = DC6240E12A39EB2E002CEFC9;
			remoteInfo = TalaOyebaNdembo;
		};
/* End PBXContainerItemProxy section */

/* Begin PBXFileReference section */
		DC6240E22A39EB2E002CEFC9 /* TalaOyebaNdembo.app */ = {isa = PBXFileReference; explicitFileType = wrapper.application; includeInIndex = 0; path = TalaOyebaNdembo.app; sourceTree = BUILT_PRODUCTS_DIR; };
		DC6240E52A39EB2E002CEFC9 /* AppDelegate.swift */ = {isa = PBXFileReference; lastKnownFileType = sourcecode.swift; path = AppDelegate.swift; sourceTree = "<group>"; };
		DC6240E72A39EB2E002CEFC9 /* SceneDelegate.swift */ = {isa = PBXFileReference; lastKnownFileType = sourcecode.swift; path = SceneDelegate.swift; sourceTree = "<group>"; };
		DC6240EC2A39EB2E002CEFC9 /* Base */ = {isa = PBXFileReference; lastKnownFileType = file.storyboard; name = Base; path = Base.lproj/Main.storyboard; sourceTree = "<group>"; };
		DC6240EE2A39EB30002CEFC9 /* Assets.xcassets */ = {isa = PBXFileReference; lastKnownFileType = folder.assetcatalog; path = Assets.xcassets; sourceTree = "<group>"; };
		DC6240F12A39EB30002CEFC9 /* Base */ = {isa = PBXFileReference; lastKnownFileType = file.storyboard; name = Base; path = Base.lproj/LaunchScreen.storyboard; sourceTree = "<group>"; };
		DC6240F32A39EB30002CEFC9 /* Info.plist */ = {isa = PBXFileReference; lastKnownFileType = text.plist.xml; path = Info.plist; sourceTree = "<group>"; };
		DC6240F82A39EB30002CEFC9 /* TalaOyebaNdemboTests.xctest */ = {isa = PBXFileReference; explicitFileType = wrapper.cfbundle; includeInIndex = 0; path = TalaOyebaNdemboTests.xctest; sourceTree = BUILT_PRODUCTS_DIR; };
		DC6241022A39EB31002CEFC9 /* TalaOyebaNdemboUITests.xctest */ = {isa = PBXFileReference; explicitFileType = wrapper.cfbundle; includeInIndex = 0; path = TalaOyebaNdemboUITests.xctest; sourceTree = BUILT_PRODUCTS_DIR; };
		DC6241062A39EB31002CEFC9 /* TalaOyebaNdemboUITests.swift */ = {isa = PBXFileReference; lastKnownFileType = sourcecode.swift; path = TalaOyebaNdemboUITests.swift; sourceTree = "<group>"; };
		DC6241082A39EB31002CEFC9 /* TalaOyebaNdemboUITestsLaunchTests.swift */ = {isa = PBXFileReference; lastKnownFileType = sourcecode.swift; path = TalaOyebaNdemboUITestsLaunchTests.swift; sourceTree = "<group>"; };
		DC62411B2A39F88F002CEFC9 /* APIService.swift */ = {isa = PBXFileReference; lastKnownFileType = sourcecode.swift; path = APIService.swift; sourceTree = "<group>"; };
		DC62411D2A39F93D002CEFC9 /* ViewController+Extension.swift */ = {isa = PBXFileReference; lastKnownFileType = sourcecode.swift; path = "ViewController+Extension.swift"; sourceTree = "<group>"; };
		DC62411F2A39F972002CEFC9 /* UIImageView+Extension.swift */ = {isa = PBXFileReference; lastKnownFileType = sourcecode.swift; path = "UIImageView+Extension.swift"; sourceTree = "<group>"; };
		DC6241232A39F9D3002CEFC9 /* CoreDataGenericService.swift */ = {isa = PBXFileReference; lastKnownFileType = sourcecode.swift; path = CoreDataGenericService.swift; sourceTree = "<group>"; };
		DC6241252A39F9F7002CEFC9 /* CoreDataStack.swift */ = {isa = PBXFileReference; lastKnownFileType = sourcecode.swift; path = CoreDataStack.swift; sourceTree = "<group>"; };
		DC6241282A39FA33002CEFC9 /* LeagueCoreData.xcdatamodel */ = {isa = PBXFileReference; lastKnownFileType = wrapper.xcdatamodel; path = LeagueCoreData.xcdatamodel; sourceTree = "<group>"; };
		DC62412B2A39FA90002CEFC9 /* TeamCoreData.xcdatamodel */ = {isa = PBXFileReference; lastKnownFileType = wrapper.xcdatamodel; path = TeamCoreData.xcdatamodel; sourceTree = "<group>"; };
		DC6241322A39FBA3002CEFC9 /* League.swift */ = {isa = PBXFileReference; lastKnownFileType = sourcecode.swift; path = League.swift; sourceTree = "<group>"; };
		DC6241342A39FBE3002CEFC9 /* LeagueModel.swift */ = {isa = PBXFileReference; lastKnownFileType = sourcecode.swift; path = LeagueModel.swift; sourceTree = "<group>"; };
		DC6241362A39FC02002CEFC9 /* LeagueData.swift */ = {isa = PBXFileReference; lastKnownFileType = sourcecode.swift; path = LeagueData.swift; sourceTree = "<group>"; };
		DC6241382A39FC22002CEFC9 /* LeagueSavedModel.swift */ = {isa = PBXFileReference; lastKnownFileType = sourcecode.swift; path = LeagueSavedModel.swift; sourceTree = "<group>"; };
		DC62413A2A3A0002002CEFC9 /* TeamsData.swift */ = {isa = PBXFileReference; lastKnownFileType = sourcecode.swift; path = TeamsData.swift; sourceTree = "<group>"; };
		DC62413C2A3A0027002CEFC9 /* SearchModel.swift */ = {isa = PBXFileReference; lastKnownFileType = sourcecode.swift; path = SearchModel.swift; sourceTree = "<group>"; };
		DC62413E2A3A0058002CEFC9 /* LeagueSearchViewController.swift */ = {isa = PBXFileReference; lastKnownFileType = sourcecode.swift; path = LeagueSearchViewController.swift; sourceTree = "<group>"; };
		DC6241402A3A0083002CEFC9 /* SearchTeamsViewController.swift */ = {isa = PBXFileReference; lastKnownFileType = sourcecode.swift; path = SearchTeamsViewController.swift; sourceTree = "<group>"; };
		DC6241422A3A00AF002CEFC9 /* DetailsTeamsViewController.swift */ = {isa = PBXFileReference; lastKnownFileType = sourcecode.swift; path = DetailsTeamsViewController.swift; sourceTree = "<group>"; };
		DC6241442A3A00D5002CEFC9 /* WebViewController.swift */ = {isa = PBXFileReference; lastKnownFileType = sourcecode.swift; path = WebViewController.swift; sourceTree = "<group>"; };
		DC6241492A3A0161002CEFC9 /* FavouriteTeamModel.swift */ = {isa = PBXFileReference; lastKnownFileType = sourcecode.swift; path = FavouriteTeamModel.swift; sourceTree = "<group>"; };
		DC62414B2A3A0187002CEFC9 /* TeamEntity.swift */ = {isa = PBXFileReference; lastKnownFileType = sourcecode.swift; path = TeamEntity.swift; sourceTree = "<group>"; };
		DC62414D2A3A01F1002CEFC9 /* FavouriteTeamsViewController.swift */ = {isa = PBXFileReference; lastKnownFileType = sourcecode.swift; path = FavouriteTeamsViewController.swift; sourceTree = "<group>"; };
		DC62414F2A3A027F002CEFC9 /* Research.storyboard */ = {isa = PBXFileReference; lastKnownFileType = file.storyboard; path = Research.storyboard; sourceTree = "<group>"; };
		DC6241512A3A02E1002CEFC9 /* FavouriteTeams.storyboard */ = {isa = PBXFileReference; lastKnownFileType = file.storyboard; path = FavouriteTeams.storyboard; sourceTree = "<group>"; };
		DC6241532A3A03F5002CEFC9 /* TeamTableViewCell.swift */ = {isa = PBXFileReference; lastKnownFileType = sourcecode.swift; path = TeamTableViewCell.swift; sourceTree = "<group>"; };
		DC6241552A3A0427002CEFC9 /* LeagueTableViewCell.swift */ = {isa = PBXFileReference; lastKnownFileType = sourcecode.swift; path = LeagueTableViewCell.swift; sourceTree = "<group>"; };
		DC6241572A3A0450002CEFC9 /* TeamCell.xib */ = {isa = PBXFileReference; lastKnownFileType = file.xib; path = TeamCell.xib; sourceTree = "<group>"; };
		DC62416C2A3A5937002CEFC9 /* FavouriteTeamTestCase.swift */ = {isa = PBXFileReference; lastKnownFileType = sourcecode.swift; path = FavouriteTeamTestCase.swift; sourceTree = "<group>"; };
		DC62416E2A3A596D002CEFC9 /* TestFavouriteTeamCoreData.swift */ = {isa = PBXFileReference; lastKnownFileType = sourcecode.swift; path = TestFavouriteTeamCoreData.swift; sourceTree = "<group>"; };
		DC6241702A3A635D002CEFC9 /* GoogleService-Info.plist */ = {isa = PBXFileReference; lastKnownFileType = text.plist.xml; name = "GoogleService-Info.plist"; path = "TalaOyebaNdembo/GoogleService-Info.plist"; sourceTree = SOURCE_ROOT; };
		DC6241822A3A68C3002CEFC9 /* TestSavedLeagueCoreDataStack.swift */ = {isa = PBXFileReference; lastKnownFileType = sourcecode.swift; path = TestSavedLeagueCoreDataStack.swift; sourceTree = "<group>"; };
		DC6241842A3A6924002CEFC9 /* SavedLeagueTestCase.swift */ = {isa = PBXFileReference; lastKnownFileType = sourcecode.swift; path = SavedLeagueTestCase.swift; sourceTree = "<group>"; };
		DC6241872A3A6B23002CEFC9 /* SearchModelTest.swift */ = {isa = PBXFileReference; lastKnownFileType = sourcecode.swift; path = SearchModelTest.swift; sourceTree = "<group>"; };
		DC6241892A3A6B67002CEFC9 /* FakeResponseData.swift */ = {isa = PBXFileReference; lastKnownFileType = sourcecode.swift; path = FakeResponseData.swift; sourceTree = "<group>"; };
		DC62418B2A3A6BD1002CEFC9 /* TheSportsDBLeague.json */ = {isa = PBXFileReference; lastKnownFileType = text.json; path = TheSportsDBLeague.json; sourceTree = "<group>"; };
		DC62418E2A3A6C57002CEFC9 /* TestLeagueModel.swift */ = {isa = PBXFileReference; lastKnownFileType = sourcecode.swift; path = TestLeagueModel.swift; sourceTree = "<group>"; };
		DC6241902A3A6C9F002CEFC9 /* TheSportsDB.json */ = {isa = PBXFileReference; lastKnownFileType = text.json; path = TheSportsDB.json; sourceTree = "<group>"; };
/* End PBXFileReference section */

/* Begin PBXFrameworksBuildPhase section */
		DC6240DF2A39EB2E002CEFC9 /* Frameworks */ = {
			isa = PBXFrameworksBuildPhase;
			buildActionMask = 2147483647;
			files = (
				DC6241762A3A649B002CEFC9 /* FirebaseAnalyticsSwift in Frameworks */,
				DC6241742A3A649B002CEFC9 /* FirebaseAnalytics in Frameworks */,
				DC62417A2A3A649B002CEFC9 /* FirebaseCrashlytics in Frameworks */,
				DC6241602A3A35C6002CEFC9 /* Alamofire in Frameworks */,
				DC6241782A3A649B002CEFC9 /* FirebaseAuth in Frameworks */,
			);
			runOnlyForDeploymentPostprocessing = 0;
		};
		DC6240F52A39EB30002CEFC9 /* Frameworks */ = {
			isa = PBXFrameworksBuildPhase;
			buildActionMask = 2147483647;
			files = (
				DC62417D2A3A65DA002CEFC9 /* FirebaseAnalytics in Frameworks */,
				DC62417F2A3A65E7002CEFC9 /* FirebaseCrashlytics in Frameworks */,
			);
			runOnlyForDeploymentPostprocessing = 0;
		};
		DC6240FF2A39EB31002CEFC9 /* Frameworks */ = {
			isa = PBXFrameworksBuildPhase;
			buildActionMask = 2147483647;
			files = (
			);
			runOnlyForDeploymentPostprocessing = 0;
		};
/* End PBXFrameworksBuildPhase section */

/* Begin PBXGroup section */
		5F7A8CA6D0F3FB727870FA74 /* Pods */ = {
			isa = PBXGroup;
			children = (
			);
			path = Pods;
			sourceTree = "<group>";
		};
		DC6240D92A39EB2E002CEFC9 = {
			isa = PBXGroup;
			children = (
				DC6240E42A39EB2E002CEFC9 /* TalaOyebaNdembo */,
				DC6240FB2A39EB30002CEFC9 /* TalaOyebaNdemboTests */,
				DC6241052A39EB31002CEFC9 /* TalaOyebaNdemboUITests */,
				DC6240E32A39EB2E002CEFC9 /* Products */,
				5F7A8CA6D0F3FB727870FA74 /* Pods */,
				DC62417B2A3A65DA002CEFC9 /* Frameworks */,
			);
			sourceTree = "<group>";
		};
		DC6240E32A39EB2E002CEFC9 /* Products */ = {
			isa = PBXGroup;
			children = (
				DC6240E22A39EB2E002CEFC9 /* TalaOyebaNdembo.app */,
				DC6240F82A39EB30002CEFC9 /* TalaOyebaNdemboTests.xctest */,
				DC6241022A39EB31002CEFC9 /* TalaOyebaNdemboUITests.xctest */,
			);
			name = Products;
			sourceTree = "<group>";
		};
		DC6240E42A39EB2E002CEFC9 /* TalaOyebaNdembo */ = {
			isa = PBXGroup;
			children = (
				DC62411A2A39F869002CEFC9 /* APIService */,
				DC6241192A39F85C002CEFC9 /* Extension */,
				DC6241182A39F850002CEFC9 /* CoreData */,
				DC6241172A39F83E002CEFC9 /* Research */,
				DC6241162A39F832002CEFC9 /* Favourite */,
				DC6241152A39F81E002CEFC9 /* Supporting Files */,
				DC6240E52A39EB2E002CEFC9 /* AppDelegate.swift */,
				DC6240E72A39EB2E002CEFC9 /* SceneDelegate.swift */,
				DC6240EB2A39EB2E002CEFC9 /* Main.storyboard */,
				DC6240EE2A39EB30002CEFC9 /* Assets.xcassets */,
				DC6241702A3A635D002CEFC9 /* GoogleService-Info.plist */,
				DC6240F02A39EB30002CEFC9 /* LaunchScreen.storyboard */,
				DC6240F32A39EB30002CEFC9 /* Info.plist */,
			);
			path = TalaOyebaNdembo;
			sourceTree = "<group>";
		};
		DC6240FB2A39EB30002CEFC9 /* TalaOyebaNdemboTests */ = {
			isa = PBXGroup;
			children = (
				DC62418D2A3A6C0B002CEFC9 /* TestLeagueSearchModel */,
				DC6241862A3A6AEF002CEFC9 /* TestSearchModel */,
				DC6241802A3A685E002CEFC9 /* TestCoreData */,
			);
			path = TalaOyebaNdemboTests;
			sourceTree = "<group>";
		};
		DC6241052A39EB31002CEFC9 /* TalaOyebaNdemboUITests */ = {
			isa = PBXGroup;
			children = (
				DC6241062A39EB31002CEFC9 /* TalaOyebaNdemboUITests.swift */,
				DC6241082A39EB31002CEFC9 /* TalaOyebaNdemboUITestsLaunchTests.swift */,
			);
			path = TalaOyebaNdemboUITests;
			sourceTree = "<group>";
		};
		DC6241152A39F81E002CEFC9 /* Supporting Files */ = {
			isa = PBXGroup;
			children = (
			);
			path = "Supporting Files";
			sourceTree = "<group>";
		};
		DC6241162A39F832002CEFC9 /* Favourite */ = {
			isa = PBXGroup;
			children = (
				DC6241482A3A0112002CEFC9 /* Model */,
				DC6241472A3A0109002CEFC9 /* View */,
				DC6241462A3A00FF002CEFC9 /* Controller */,
			);
			path = Favourite;
			sourceTree = "<group>";
		};
		DC6241172A39F83E002CEFC9 /* Research */ = {
			isa = PBXGroup;
			children = (
				DC62412F2A39FB64002CEFC9 /* Model */,
				DC62412E2A39FB5D002CEFC9 /* View */,
				DC62412D2A39FB50002CEFC9 /* Controller */,
			);
			path = Research;
			sourceTree = "<group>";
		};
		DC6241182A39F850002CEFC9 /* CoreData */ = {
			isa = PBXGroup;
			children = (
				DC6241222A39F9A6002CEFC9 /* CoreData */,
				DC6241212A39F996002CEFC9 /* CoreDataStack */,
			);
			path = CoreData;
			sourceTree = "<group>";
		};
		DC6241192A39F85C002CEFC9 /* Extension */ = {
			isa = PBXGroup;
			children = (
				DC62411D2A39F93D002CEFC9 /* ViewController+Extension.swift */,
				DC62411F2A39F972002CEFC9 /* UIImageView+Extension.swift */,
			);
			path = Extension;
			sourceTree = "<group>";
		};
		DC62411A2A39F869002CEFC9 /* APIService */ = {
			isa = PBXGroup;
			children = (
				DC62411B2A39F88F002CEFC9 /* APIService.swift */,
			);
			path = APIService;
			sourceTree = "<group>";
		};
		DC6241212A39F996002CEFC9 /* CoreDataStack */ = {
			isa = PBXGroup;
			children = (
				DC6241232A39F9D3002CEFC9 /* CoreDataGenericService.swift */,
				DC6241252A39F9F7002CEFC9 /* CoreDataStack.swift */,
			);
			path = CoreDataStack;
			sourceTree = "<group>";
		};
		DC6241222A39F9A6002CEFC9 /* CoreData */ = {
			isa = PBXGroup;
			children = (
				DC6241272A39FA33002CEFC9 /* LeagueCoreData.xcdatamodeld */,
				DC62412A2A39FA90002CEFC9 /* TeamCoreData.xcdatamodeld */,
			);
			path = CoreData;
			sourceTree = "<group>";
		};
		DC62412D2A39FB50002CEFC9 /* Controller */ = {
			isa = PBXGroup;
			children = (
				DC62413E2A3A0058002CEFC9 /* LeagueSearchViewController.swift */,
				DC6241402A3A0083002CEFC9 /* SearchTeamsViewController.swift */,
				DC6241422A3A00AF002CEFC9 /* DetailsTeamsViewController.swift */,
				DC6241442A3A00D5002CEFC9 /* WebViewController.swift */,
			);
			path = Controller;
			sourceTree = "<group>";
		};
		DC62412E2A39FB5D002CEFC9 /* View */ = {
			isa = PBXGroup;
			children = (
				DC62414F2A3A027F002CEFC9 /* Research.storyboard */,
				DC6241532A3A03F5002CEFC9 /* TeamTableViewCell.swift */,
				DC6241552A3A0427002CEFC9 /* LeagueTableViewCell.swift */,
				DC6241572A3A0450002CEFC9 /* TeamCell.xib */,
			);
			path = View;
			sourceTree = "<group>";
		};
		DC62412F2A39FB64002CEFC9 /* Model */ = {
			isa = PBXGroup;
			children = (
				DC6241312A39FB86002CEFC9 /* League */,
				DC6241302A39FB7A002CEFC9 /* Team */,
				DC62413C2A3A0027002CEFC9 /* SearchModel.swift */,
			);
			path = Model;
			sourceTree = "<group>";
		};
		DC6241302A39FB7A002CEFC9 /* Team */ = {
			isa = PBXGroup;
			children = (
				DC62413A2A3A0002002CEFC9 /* TeamsData.swift */,
			);
			path = Team;
			sourceTree = "<group>";
		};
		DC6241312A39FB86002CEFC9 /* League */ = {
			isa = PBXGroup;
			children = (
				DC6241322A39FBA3002CEFC9 /* League.swift */,
				DC6241342A39FBE3002CEFC9 /* LeagueModel.swift */,
				DC6241362A39FC02002CEFC9 /* LeagueData.swift */,
				DC6241382A39FC22002CEFC9 /* LeagueSavedModel.swift */,
			);
			path = League;
			sourceTree = "<group>";
		};
		DC6241462A3A00FF002CEFC9 /* Controller */ = {
			isa = PBXGroup;
			children = (
				DC62414D2A3A01F1002CEFC9 /* FavouriteTeamsViewController.swift */,
			);
			path = Controller;
			sourceTree = "<group>";
		};
		DC6241472A3A0109002CEFC9 /* View */ = {
			isa = PBXGroup;
			children = (
				DC6241512A3A02E1002CEFC9 /* FavouriteTeams.storyboard */,
			);
			path = View;
			sourceTree = "<group>";
		};
		DC6241482A3A0112002CEFC9 /* Model */ = {
			isa = PBXGroup;
			children = (
				DC6241492A3A0161002CEFC9 /* FavouriteTeamModel.swift */,
				DC62414B2A3A0187002CEFC9 /* TeamEntity.swift */,
			);
			path = Model;
			sourceTree = "<group>";
		};
		DC62416B2A3A57A2002CEFC9 /* FavouriteTeam */ = {
			isa = PBXGroup;
			children = (
				DC62416C2A3A5937002CEFC9 /* FavouriteTeamTestCase.swift */,
				DC62416E2A3A596D002CEFC9 /* TestFavouriteTeamCoreData.swift */,
			);
			path = FavouriteTeam;
			sourceTree = "<group>";
		};
		DC62417B2A3A65DA002CEFC9 /* Frameworks */ = {
			isa = PBXGroup;
			children = (
			);
			name = Frameworks;
			sourceTree = "<group>";
		};
		DC6241802A3A685E002CEFC9 /* TestCoreData */ = {
			isa = PBXGroup;
			children = (
				DC6241812A3A6881002CEFC9 /* SavedLeague */,
				DC62416B2A3A57A2002CEFC9 /* FavouriteTeam */,
			);
			path = TestCoreData;
			sourceTree = "<group>";
		};
		DC6241812A3A6881002CEFC9 /* SavedLeague */ = {
			isa = PBXGroup;
			children = (
				DC6241822A3A68C3002CEFC9 /* TestSavedLeagueCoreDataStack.swift */,
				DC6241842A3A6924002CEFC9 /* SavedLeagueTestCase.swift */,
			);
			path = SavedLeague;
			sourceTree = "<group>";
		};
		DC6241862A3A6AEF002CEFC9 /* TestSearchModel */ = {
			isa = PBXGroup;
			children = (
				DC6241872A3A6B23002CEFC9 /* SearchModelTest.swift */,
				DC6241892A3A6B67002CEFC9 /* FakeResponseData.swift */,
				DC62418B2A3A6BD1002CEFC9 /* TheSportsDBLeague.json */,
			);
			path = TestSearchModel;
			sourceTree = "<group>";
		};
		DC62418D2A3A6C0B002CEFC9 /* TestLeagueSearchModel */ = {
			isa = PBXGroup;
			children = (
				DC62418E2A3A6C57002CEFC9 /* TestLeagueModel.swift */,
				DC6241902A3A6C9F002CEFC9 /* TheSportsDB.json */,
			);
			path = TestLeagueSearchModel;
			sourceTree = "<group>";
		};
/* End PBXGroup section */

/* Begin PBXNativeTarget section */
		DC6240E12A39EB2E002CEFC9 /* TalaOyebaNdembo */ = {
			isa = PBXNativeTarget;
			buildConfigurationList = DC62410C2A39EB31002CEFC9 /* Build configuration list for PBXNativeTarget "TalaOyebaNdembo" */;
			buildPhases = (
				DC6240DE2A39EB2E002CEFC9 /* Sources */,
				DC6240DF2A39EB2E002CEFC9 /* Frameworks */,
				DC6240E02A39EB2E002CEFC9 /* Resources */,
			);
			buildRules = (
			);
			dependencies = (
			);
			name = TalaOyebaNdembo;
			packageProductDependencies = (
				DC62415F2A3A35C6002CEFC9 /* Alamofire */,
				DC6241732A3A649B002CEFC9 /* FirebaseAnalytics */,
				DC6241752A3A649B002CEFC9 /* FirebaseAnalyticsSwift */,
				DC6241772A3A649B002CEFC9 /* FirebaseAuth */,
				DC6241792A3A649B002CEFC9 /* FirebaseCrashlytics */,
			);
			productName = TalaOyebaNdembo;
			productReference = DC6240E22A39EB2E002CEFC9 /* TalaOyebaNdembo.app */;
			productType = "com.apple.product-type.application";
		};
		DC6240F72A39EB30002CEFC9 /* TalaOyebaNdemboTests */ = {
			isa = PBXNativeTarget;
			buildConfigurationList = DC62410F2A39EB31002CEFC9 /* Build configuration list for PBXNativeTarget "TalaOyebaNdemboTests" */;
			buildPhases = (
				DC6240F42A39EB30002CEFC9 /* Sources */,
				DC6240F52A39EB30002CEFC9 /* Frameworks */,
				DC6240F62A39EB30002CEFC9 /* Resources */,
			);
			buildRules = (
			);
			dependencies = (
				DC6240FA2A39EB30002CEFC9 /* PBXTargetDependency */,
			);
			name = TalaOyebaNdemboTests;
			packageProductDependencies = (
				DC62417C2A3A65DA002CEFC9 /* FirebaseAnalytics */,
				DC62417E2A3A65E7002CEFC9 /* FirebaseCrashlytics */,
			);
			productName = TalaOyebaNdemboTests;
			productReference = DC6240F82A39EB30002CEFC9 /* TalaOyebaNdemboTests.xctest */;
			productType = "com.apple.product-type.bundle.unit-test";
		};
		DC6241012A39EB31002CEFC9 /* TalaOyebaNdemboUITests */ = {
			isa = PBXNativeTarget;
			buildConfigurationList = DC6241122A39EB31002CEFC9 /* Build configuration list for PBXNativeTarget "TalaOyebaNdemboUITests" */;
			buildPhases = (
				DC6240FE2A39EB31002CEFC9 /* Sources */,
				DC6240FF2A39EB31002CEFC9 /* Frameworks */,
				DC6241002A39EB31002CEFC9 /* Resources */,
			);
			buildRules = (
			);
			dependencies = (
				DC6241042A39EB31002CEFC9 /* PBXTargetDependency */,
			);
			name = TalaOyebaNdemboUITests;
			productName = TalaOyebaNdemboUITests;
			productReference = DC6241022A39EB31002CEFC9 /* TalaOyebaNdemboUITests.xctest */;
			productType = "com.apple.product-type.bundle.ui-testing";
		};
/* End PBXNativeTarget section */

/* Begin PBXProject section */
		DC6240DA2A39EB2E002CEFC9 /* Project object */ = {
			isa = PBXProject;
			attributes = {
				BuildIndependentTargetsInParallel = 1;
				LastSwiftUpdateCheck = 1430;
				LastUpgradeCheck = 1430;
				TargetAttributes = {
					DC6240E12A39EB2E002CEFC9 = {
						CreatedOnToolsVersion = 14.3.1;
					};
					DC6240F72A39EB30002CEFC9 = {
						CreatedOnToolsVersion = 14.3.1;
						TestTargetID = DC6240E12A39EB2E002CEFC9;
					};
					DC6241012A39EB31002CEFC9 = {
						CreatedOnToolsVersion = 14.3.1;
						TestTargetID = DC6240E12A39EB2E002CEFC9;
					};
				};
			};
			buildConfigurationList = DC6240DD2A39EB2E002CEFC9 /* Build configuration list for PBXProject "TalaOyebaNdembo" */;
			compatibilityVersion = "Xcode 14.0";
			developmentRegion = en;
			hasScannedForEncodings = 0;
			knownRegions = (
				en,
				Base,
			);
			mainGroup = DC6240D92A39EB2E002CEFC9;
			packageReferences = (
				DC62415E2A3A35C6002CEFC9 /* XCRemoteSwiftPackageReference "Alamofire" */,
				DC6241722A3A649B002CEFC9 /* XCRemoteSwiftPackageReference "firebase-ios-sdk" */,
			);
			productRefGroup = DC6240E32A39EB2E002CEFC9 /* Products */;
			projectDirPath = "";
			projectRoot = "";
			targets = (
				DC6240E12A39EB2E002CEFC9 /* TalaOyebaNdembo */,
				DC6240F72A39EB30002CEFC9 /* TalaOyebaNdemboTests */,
				DC6241012A39EB31002CEFC9 /* TalaOyebaNdemboUITests */,
			);
		};
/* End PBXProject section */

/* Begin PBXResourcesBuildPhase section */
		DC6240E02A39EB2E002CEFC9 /* Resources */ = {
			isa = PBXResourcesBuildPhase;
			buildActionMask = 2147483647;
			files = (
				DC6240F22A39EB30002CEFC9 /* LaunchScreen.storyboard in Resources */,
				DC6240EF2A39EB30002CEFC9 /* Assets.xcassets in Resources */,
				DC6240ED2A39EB2E002CEFC9 /* Main.storyboard in Resources */,
				DC6241522A3A02E1002CEFC9 /* FavouriteTeams.storyboard in Resources */,
				DC6241582A3A0450002CEFC9 /* TeamCell.xib in Resources */,
				DC6241502A3A027F002CEFC9 /* Research.storyboard in Resources */,
				DC6241712A3A635D002CEFC9 /* GoogleService-Info.plist in Resources */,
			);
			runOnlyForDeploymentPostprocessing = 0;
		};
		DC6240F62A39EB30002CEFC9 /* Resources */ = {
			isa = PBXResourcesBuildPhase;
			buildActionMask = 2147483647;
			files = (
				DC6241912A3A6C9F002CEFC9 /* TheSportsDB.json in Resources */,
				DC62418C2A3A6BD1002CEFC9 /* TheSportsDBLeague.json in Resources */,
			);
			runOnlyForDeploymentPostprocessing = 0;
		};
		DC6241002A39EB31002CEFC9 /* Resources */ = {
			isa = PBXResourcesBuildPhase;
			buildActionMask = 2147483647;
			files = (
			);
			runOnlyForDeploymentPostprocessing = 0;
		};
/* End PBXResourcesBuildPhase section */

/* Begin PBXSourcesBuildPhase section */
		DC6240DE2A39EB2E002CEFC9 /* Sources */ = {
			isa = PBXSourcesBuildPhase;
			buildActionMask = 2147483647;
			files = (
				DC6241352A39FBE3002CEFC9 /* LeagueModel.swift in Sources */,
				DC6241292A39FA33002CEFC9 /* LeagueCoreData.xcdatamodeld in Sources */,
				DC6241202A39F972002CEFC9 /* UIImageView+Extension.swift in Sources */,
				DC6241452A3A00D5002CEFC9 /* WebViewController.swift in Sources */,
				DC6241542A3A03F5002CEFC9 /* TeamTableViewCell.swift in Sources */,
				DC62413D2A3A0027002CEFC9 /* SearchModel.swift in Sources */,
				DC6240E62A39EB2E002CEFC9 /* AppDelegate.swift in Sources */,
				DC62411C2A39F88F002CEFC9 /* APIService.swift in Sources */,
				DC62414E2A3A01F1002CEFC9 /* FavouriteTeamsViewController.swift in Sources */,
				DC62411E2A39F93D002CEFC9 /* ViewController+Extension.swift in Sources */,
				DC6241372A39FC02002CEFC9 /* LeagueData.swift in Sources */,
				DC6241392A39FC22002CEFC9 /* LeagueSavedModel.swift in Sources */,
				DC6240E82A39EB2E002CEFC9 /* SceneDelegate.swift in Sources */,
				DC6241242A39F9D3002CEFC9 /* CoreDataGenericService.swift in Sources */,
				DC62413B2A3A0002002CEFC9 /* TeamsData.swift in Sources */,
				DC6241562A3A0427002CEFC9 /* LeagueTableViewCell.swift in Sources */,
				DC6241262A39F9F7002CEFC9 /* CoreDataStack.swift in Sources */,
				DC62414A2A3A0161002CEFC9 /* FavouriteTeamModel.swift in Sources */,
				DC6241432A3A00AF002CEFC9 /* DetailsTeamsViewController.swift in Sources */,
				DC6241332A39FBA3002CEFC9 /* League.swift in Sources */,
				DC62413F2A3A0058002CEFC9 /* LeagueSearchViewController.swift in Sources */,
				DC62412C2A39FA90002CEFC9 /* TeamCoreData.xcdatamodeld in Sources */,
				DC6241412A3A0083002CEFC9 /* SearchTeamsViewController.swift in Sources */,
				DC62414C2A3A0187002CEFC9 /* TeamEntity.swift in Sources */,
			);
			runOnlyForDeploymentPostprocessing = 0;
		};
		DC6240F42A39EB30002CEFC9 /* Sources */ = {
			isa = PBXSourcesBuildPhase;
			buildActionMask = 2147483647;
			files = (
				DC62416D2A3A5937002CEFC9 /* FavouriteTeamTestCase.swift in Sources */,
				DC6241882A3A6B23002CEFC9 /* SearchModelTest.swift in Sources */,
				DC62416F2A3A596D002CEFC9 /* TestFavouriteTeamCoreData.swift in Sources */,
				DC6241852A3A6924002CEFC9 /* SavedLeagueTestCase.swift in Sources */,
				DC6241832A3A68C3002CEFC9 /* TestSavedLeagueCoreDataStack.swift in Sources */,
				DC62418F2A3A6C57002CEFC9 /* TestLeagueModel.swift in Sources */,
				DC62418A2A3A6B67002CEFC9 /* FakeResponseData.swift in Sources */,
			);
			runOnlyForDeploymentPostprocessing = 0;
		};
		DC6240FE2A39EB31002CEFC9 /* Sources */ = {
			isa = PBXSourcesBuildPhase;
			buildActionMask = 2147483647;
			files = (
				DC6241092A39EB31002CEFC9 /* TalaOyebaNdemboUITestsLaunchTests.swift in Sources */,
				DC6241072A39EB31002CEFC9 /* TalaOyebaNdemboUITests.swift in Sources */,
			);
			runOnlyForDeploymentPostprocessing = 0;
		};
/* End PBXSourcesBuildPhase section */

/* Begin PBXTargetDependency section */
		DC6240FA2A39EB30002CEFC9 /* PBXTargetDependency */ = {
			isa = PBXTargetDependency;
			target = DC6240E12A39EB2E002CEFC9 /* TalaOyebaNdembo */;
			targetProxy = DC6240F92A39EB30002CEFC9 /* PBXContainerItemProxy */;
		};
		DC6241042A39EB31002CEFC9 /* PBXTargetDependency */ = {
			isa = PBXTargetDependency;
			target = DC6240E12A39EB2E002CEFC9 /* TalaOyebaNdembo */;
			targetProxy = DC6241032A39EB31002CEFC9 /* PBXContainerItemProxy */;
		};
/* End PBXTargetDependency section */

/* Begin PBXVariantGroup section */
		DC6240EB2A39EB2E002CEFC9 /* Main.storyboard */ = {
			isa = PBXVariantGroup;
			children = (
				DC6240EC2A39EB2E002CEFC9 /* Base */,
			);
			name = Main.storyboard;
			sourceTree = "<group>";
		};
		DC6240F02A39EB30002CEFC9 /* LaunchScreen.storyboard */ = {
			isa = PBXVariantGroup;
			children = (
				DC6240F12A39EB30002CEFC9 /* Base */,
			);
			name = LaunchScreen.storyboard;
			sourceTree = "<group>";
		};
/* End PBXVariantGroup section */

/* Begin XCBuildConfiguration section */
		DC62410A2A39EB31002CEFC9 /* Debug */ = {
			isa = XCBuildConfiguration;
			buildSettings = {
				ALWAYS_SEARCH_USER_PATHS = NO;
				CLANG_ANALYZER_NONNULL = YES;
				CLANG_ANALYZER_NUMBER_OBJECT_CONVERSION = YES_AGGRESSIVE;
				CLANG_CXX_LANGUAGE_STANDARD = "gnu++20";
				CLANG_ENABLE_MODULES = YES;
				CLANG_ENABLE_OBJC_ARC = YES;
				CLANG_ENABLE_OBJC_WEAK = YES;
				CLANG_WARN_BLOCK_CAPTURE_AUTORELEASING = YES;
				CLANG_WARN_BOOL_CONVERSION = YES;
				CLANG_WARN_COMMA = YES;
				CLANG_WARN_CONSTANT_CONVERSION = YES;
				CLANG_WARN_DEPRECATED_OBJC_IMPLEMENTATIONS = YES;
				CLANG_WARN_DIRECT_OBJC_ISA_USAGE = YES_ERROR;
				CLANG_WARN_DOCUMENTATION_COMMENTS = YES;
				CLANG_WARN_EMPTY_BODY = YES;
				CLANG_WARN_ENUM_CONVERSION = YES;
				CLANG_WARN_INFINITE_RECURSION = YES;
				CLANG_WARN_INT_CONVERSION = YES;
				CLANG_WARN_NON_LITERAL_NULL_CONVERSION = YES;
				CLANG_WARN_OBJC_IMPLICIT_RETAIN_SELF = YES;
				CLANG_WARN_OBJC_LITERAL_CONVERSION = YES;
				CLANG_WARN_OBJC_ROOT_CLASS = YES_ERROR;
				CLANG_WARN_QUOTED_INCLUDE_IN_FRAMEWORK_HEADER = YES;
				CLANG_WARN_RANGE_LOOP_ANALYSIS = YES;
				CLANG_WARN_STRICT_PROTOTYPES = YES;
				CLANG_WARN_SUSPICIOUS_MOVE = YES;
				CLANG_WARN_UNGUARDED_AVAILABILITY = YES_AGGRESSIVE;
				CLANG_WARN_UNREACHABLE_CODE = YES;
				CLANG_WARN__DUPLICATE_METHOD_MATCH = YES;
				COPY_PHASE_STRIP = NO;
				DEBUG_INFORMATION_FORMAT = dwarf;
				ENABLE_STRICT_OBJC_MSGSEND = YES;
				ENABLE_TESTABILITY = YES;
				GCC_C_LANGUAGE_STANDARD = gnu11;
				GCC_DYNAMIC_NO_PIC = NO;
				GCC_NO_COMMON_BLOCKS = YES;
				GCC_OPTIMIZATION_LEVEL = 0;
				GCC_PREPROCESSOR_DEFINITIONS = (
					"DEBUG=1",
					"$(inherited)",
				);
				GCC_WARN_64_TO_32_BIT_CONVERSION = YES;
				GCC_WARN_ABOUT_RETURN_TYPE = YES_ERROR;
				GCC_WARN_UNDECLARED_SELECTOR = YES;
				GCC_WARN_UNINITIALIZED_AUTOS = YES_AGGRESSIVE;
				GCC_WARN_UNUSED_FUNCTION = YES;
				GCC_WARN_UNUSED_VARIABLE = YES;
				IPHONEOS_DEPLOYMENT_TARGET = 14.0;
				MTL_ENABLE_DEBUG_INFO = INCLUDE_SOURCE;
				MTL_FAST_MATH = YES;
				ONLY_ACTIVE_ARCH = YES;
				SDKROOT = iphoneos;
				SWIFT_ACTIVE_COMPILATION_CONDITIONS = DEBUG;
				SWIFT_OPTIMIZATION_LEVEL = "-Onone";
			};
			name = Debug;
		};
		DC62410B2A39EB31002CEFC9 /* Release */ = {
			isa = XCBuildConfiguration;
			buildSettings = {
				ALWAYS_SEARCH_USER_PATHS = NO;
				CLANG_ANALYZER_NONNULL = YES;
				CLANG_ANALYZER_NUMBER_OBJECT_CONVERSION = YES_AGGRESSIVE;
				CLANG_CXX_LANGUAGE_STANDARD = "gnu++20";
				CLANG_ENABLE_MODULES = YES;
				CLANG_ENABLE_OBJC_ARC = YES;
				CLANG_ENABLE_OBJC_WEAK = YES;
				CLANG_WARN_BLOCK_CAPTURE_AUTORELEASING = YES;
				CLANG_WARN_BOOL_CONVERSION = YES;
				CLANG_WARN_COMMA = YES;
				CLANG_WARN_CONSTANT_CONVERSION = YES;
				CLANG_WARN_DEPRECATED_OBJC_IMPLEMENTATIONS = YES;
				CLANG_WARN_DIRECT_OBJC_ISA_USAGE = YES_ERROR;
				CLANG_WARN_DOCUMENTATION_COMMENTS = YES;
				CLANG_WARN_EMPTY_BODY = YES;
				CLANG_WARN_ENUM_CONVERSION = YES;
				CLANG_WARN_INFINITE_RECURSION = YES;
				CLANG_WARN_INT_CONVERSION = YES;
				CLANG_WARN_NON_LITERAL_NULL_CONVERSION = YES;
				CLANG_WARN_OBJC_IMPLICIT_RETAIN_SELF = YES;
				CLANG_WARN_OBJC_LITERAL_CONVERSION = YES;
				CLANG_WARN_OBJC_ROOT_CLASS = YES_ERROR;
				CLANG_WARN_QUOTED_INCLUDE_IN_FRAMEWORK_HEADER = YES;
				CLANG_WARN_RANGE_LOOP_ANALYSIS = YES;
				CLANG_WARN_STRICT_PROTOTYPES = YES;
				CLANG_WARN_SUSPICIOUS_MOVE = YES;
				CLANG_WARN_UNGUARDED_AVAILABILITY = YES_AGGRESSIVE;
				CLANG_WARN_UNREACHABLE_CODE = YES;
				CLANG_WARN__DUPLICATE_METHOD_MATCH = YES;
				COPY_PHASE_STRIP = NO;
				DEBUG_INFORMATION_FORMAT = "dwarf-with-dsym";
				ENABLE_NS_ASSERTIONS = NO;
				ENABLE_STRICT_OBJC_MSGSEND = YES;
				GCC_C_LANGUAGE_STANDARD = gnu11;
				GCC_NO_COMMON_BLOCKS = YES;
				GCC_WARN_64_TO_32_BIT_CONVERSION = YES;
				GCC_WARN_ABOUT_RETURN_TYPE = YES_ERROR;
				GCC_WARN_UNDECLARED_SELECTOR = YES;
				GCC_WARN_UNINITIALIZED_AUTOS = YES_AGGRESSIVE;
				GCC_WARN_UNUSED_FUNCTION = YES;
				GCC_WARN_UNUSED_VARIABLE = YES;
				IPHONEOS_DEPLOYMENT_TARGET = 14.0;
				MTL_ENABLE_DEBUG_INFO = NO;
				MTL_FAST_MATH = YES;
				SDKROOT = iphoneos;
				SWIFT_COMPILATION_MODE = wholemodule;
				SWIFT_OPTIMIZATION_LEVEL = "-O";
				VALIDATE_PRODUCT = YES;
			};
			name = Release;
		};
		DC62410D2A39EB31002CEFC9 /* Debug */ = {
			isa = XCBuildConfiguration;
			buildSettings = {
				ASSETCATALOG_COMPILER_APPICON_NAME = AppIcon;
				ASSETCATALOG_COMPILER_GLOBAL_ACCENT_COLOR_NAME = AccentColor;
				CODE_SIGN_STYLE = Automatic;
				CURRENT_PROJECT_VERSION = 1;
				GENERATE_INFOPLIST_FILE = YES;
				INFOPLIST_FILE = TalaOyebaNdembo/Info.plist;
				INFOPLIST_KEY_UIApplicationSupportsIndirectInputEvents = YES;
				INFOPLIST_KEY_UILaunchStoryboardName = LaunchScreen;
				INFOPLIST_KEY_UIMainStoryboardFile = Main;
				INFOPLIST_KEY_UISupportedInterfaceOrientations_iPad = "UIInterfaceOrientationPortrait UIInterfaceOrientationPortraitUpsideDown UIInterfaceOrientationLandscapeLeft UIInterfaceOrientationLandscapeRight";
				INFOPLIST_KEY_UISupportedInterfaceOrientations_iPhone = "UIInterfaceOrientationPortrait UIInterfaceOrientationLandscapeLeft UIInterfaceOrientationLandscapeRight";
				IPHONEOS_DEPLOYMENT_TARGET = 14.0;
				LD_RUNPATH_SEARCH_PATHS = (
					"$(inherited)",
					"@executable_path/Frameworks",
				);
				MARKETING_VERSION = 1.0;
				PRODUCT_BUNDLE_IDENTIFIER = OpenClassrooms.TalaOyebaNdembo;
				PRODUCT_NAME = "$(TARGET_NAME)";
				SWIFT_EMIT_LOC_STRINGS = YES;
				SWIFT_VERSION = 5.0;
				TARGETED_DEVICE_FAMILY = "1,2";
			};
			name = Debug;
		};
		DC62410E2A39EB31002CEFC9 /* Release */ = {
			isa = XCBuildConfiguration;
			buildSettings = {
				ASSETCATALOG_COMPILER_APPICON_NAME = AppIcon;
				ASSETCATALOG_COMPILER_GLOBAL_ACCENT_COLOR_NAME = AccentColor;
				CODE_SIGN_STYLE = Automatic;
				CURRENT_PROJECT_VERSION = 1;
				GENERATE_INFOPLIST_FILE = YES;
				INFOPLIST_FILE = TalaOyebaNdembo/Info.plist;
				INFOPLIST_KEY_UIApplicationSupportsIndirectInputEvents = YES;
				INFOPLIST_KEY_UILaunchStoryboardName = LaunchScreen;
				INFOPLIST_KEY_UIMainStoryboardFile = Main;
				INFOPLIST_KEY_UISupportedInterfaceOrientations_iPad = "UIInterfaceOrientationPortrait UIInterfaceOrientationPortraitUpsideDown UIInterfaceOrientationLandscapeLeft UIInterfaceOrientationLandscapeRight";
				INFOPLIST_KEY_UISupportedInterfaceOrientations_iPhone = "UIInterfaceOrientationPortrait UIInterfaceOrientationLandscapeLeft UIInterfaceOrientationLandscapeRight";
				IPHONEOS_DEPLOYMENT_TARGET = 14.0;
				LD_RUNPATH_SEARCH_PATHS = (
					"$(inherited)",
					"@executable_path/Frameworks",
				);
				MARKETING_VERSION = 1.0;
				PRODUCT_BUNDLE_IDENTIFIER = OpenClassrooms.TalaOyebaNdembo;
				PRODUCT_NAME = "$(TARGET_NAME)";
				SWIFT_EMIT_LOC_STRINGS = YES;
				SWIFT_VERSION = 5.0;
				TARGETED_DEVICE_FAMILY = "1,2";
			};
			name = Release;
		};
		DC6241102A39EB31002CEFC9 /* Debug */ = {
			isa = XCBuildConfiguration;
			buildSettings = {
				ALWAYS_EMBED_SWIFT_STANDARD_LIBRARIES = YES;
				BUNDLE_LOADER = "$(TEST_HOST)";
				CODE_SIGN_STYLE = Automatic;
				CURRENT_PROJECT_VERSION = 1;
				GENERATE_INFOPLIST_FILE = YES;
				IPHONEOS_DEPLOYMENT_TARGET = 14.0;
				MARKETING_VERSION = 1.0;
				PRODUCT_BUNDLE_IDENTIFIER = OpenClassrooms.TalaOyebaNdemboTests;
				PRODUCT_NAME = "$(TARGET_NAME)";
				SWIFT_EMIT_LOC_STRINGS = NO;
				SWIFT_VERSION = 5.0;
				TARGETED_DEVICE_FAMILY = "1,2";
				TEST_HOST = "$(BUILT_PRODUCTS_DIR)/TalaOyebaNdembo.app/$(BUNDLE_EXECUTABLE_FOLDER_PATH)/TalaOyebaNdembo";
			};
			name = Debug;
		};
		DC6241112A39EB31002CEFC9 /* Release */ = {
			isa = XCBuildConfiguration;
			buildSettings = {
				ALWAYS_EMBED_SWIFT_STANDARD_LIBRARIES = YES;
				BUNDLE_LOADER = "$(TEST_HOST)";
				CODE_SIGN_STYLE = Automatic;
				CURRENT_PROJECT_VERSION = 1;
				GENERATE_INFOPLIST_FILE = YES;
				IPHONEOS_DEPLOYMENT_TARGET = 14.0;
				MARKETING_VERSION = 1.0;
				PRODUCT_BUNDLE_IDENTIFIER = OpenClassrooms.TalaOyebaNdemboTests;
				PRODUCT_NAME = "$(TARGET_NAME)";
				SWIFT_EMIT_LOC_STRINGS = NO;
				SWIFT_VERSION = 5.0;
				TARGETED_DEVICE_FAMILY = "1,2";
				TEST_HOST = "$(BUILT_PRODUCTS_DIR)/TalaOyebaNdembo.app/$(BUNDLE_EXECUTABLE_FOLDER_PATH)/TalaOyebaNdembo";
			};
			name = Release;
		};
		DC6241132A39EB31002CEFC9 /* Debug */ = {
			isa = XCBuildConfiguration;
			buildSettings = {
				ALWAYS_EMBED_SWIFT_STANDARD_LIBRARIES = YES;
				CODE_SIGN_STYLE = Automatic;
				CURRENT_PROJECT_VERSION = 1;
				GENERATE_INFOPLIST_FILE = YES;
				MARKETING_VERSION = 1.0;
				PRODUCT_BUNDLE_IDENTIFIER = OpenClassrooms.TalaOyebaNdemboUITests;
				PRODUCT_NAME = "$(TARGET_NAME)";
				SWIFT_EMIT_LOC_STRINGS = NO;
				SWIFT_VERSION = 5.0;
				TARGETED_DEVICE_FAMILY = "1,2";
				TEST_TARGET_NAME = TalaOyebaNdembo;
			};
			name = Debug;
		};
		DC6241142A39EB31002CEFC9 /* Release */ = {
			isa = XCBuildConfiguration;
			buildSettings = {
				ALWAYS_EMBED_SWIFT_STANDARD_LIBRARIES = YES;
				CODE_SIGN_STYLE = Automatic;
				CURRENT_PROJECT_VERSION = 1;
				GENERATE_INFOPLIST_FILE = YES;
				MARKETING_VERSION = 1.0;
				PRODUCT_BUNDLE_IDENTIFIER = OpenClassrooms.TalaOyebaNdemboUITests;
				PRODUCT_NAME = "$(TARGET_NAME)";
				SWIFT_EMIT_LOC_STRINGS = NO;
				SWIFT_VERSION = 5.0;
				TARGETED_DEVICE_FAMILY = "1,2";
				TEST_TARGET_NAME = TalaOyebaNdembo;
			};
			name = Release;
		};
/* End XCBuildConfiguration section */

/* Begin XCConfigurationList section */
		DC6240DD2A39EB2E002CEFC9 /* Build configuration list for PBXProject "TalaOyebaNdembo" */ = {
			isa = XCConfigurationList;
			buildConfigurations = (
				DC62410A2A39EB31002CEFC9 /* Debug */,
				DC62410B2A39EB31002CEFC9 /* Release */,
			);
			defaultConfigurationIsVisible = 0;
			defaultConfigurationName = Release;
		};
		DC62410C2A39EB31002CEFC9 /* Build configuration list for PBXNativeTarget "TalaOyebaNdembo" */ = {
			isa = XCConfigurationList;
			buildConfigurations = (
				DC62410D2A39EB31002CEFC9 /* Debug */,
				DC62410E2A39EB31002CEFC9 /* Release */,
			);
			defaultConfigurationIsVisible = 0;
			defaultConfigurationName = Release;
		};
		DC62410F2A39EB31002CEFC9 /* Build configuration list for PBXNativeTarget "TalaOyebaNdemboTests" */ = {
			isa = XCConfigurationList;
			buildConfigurations = (
				DC6241102A39EB31002CEFC9 /* Debug */,
				DC6241112A39EB31002CEFC9 /* Release */,
			);
			defaultConfigurationIsVisible = 0;
			defaultConfigurationName = Release;
		};
		DC6241122A39EB31002CEFC9 /* Build configuration list for PBXNativeTarget "TalaOyebaNdemboUITests" */ = {
			isa = XCConfigurationList;
			buildConfigurations = (
				DC6241132A39EB31002CEFC9 /* Debug */,
				DC6241142A39EB31002CEFC9 /* Release */,
			);
			defaultConfigurationIsVisible = 0;
			defaultConfigurationName = Release;
		};
/* End XCConfigurationList section */

/* Begin XCRemoteSwiftPackageReference section */
		DC62415E2A3A35C6002CEFC9 /* XCRemoteSwiftPackageReference "Alamofire" */ = {
			isa = XCRemoteSwiftPackageReference;
			repositoryURL = "https://github.com/Alamofire/Alamofire.git";
			requirement = {
				kind = upToNextMajorVersion;
				minimumVersion = 5.0.0;
			};
		};
		DC6241722A3A649B002CEFC9 /* XCRemoteSwiftPackageReference "firebase-ios-sdk" */ = {
			isa = XCRemoteSwiftPackageReference;
			repositoryURL = "https://github.com/firebase/firebase-ios-sdk";
			requirement = {
				kind = upToNextMajorVersion;
				minimumVersion = 10.0.0;
			};
		};
/* End XCRemoteSwiftPackageReference section */

/* Begin XCSwiftPackageProductDependency section */
		DC62415F2A3A35C6002CEFC9 /* Alamofire */ = {
			isa = XCSwiftPackageProductDependency;
			package = DC62415E2A3A35C6002CEFC9 /* XCRemoteSwiftPackageReference "Alamofire" */;
			productName = Alamofire;
		};
		DC6241732A3A649B002CEFC9 /* FirebaseAnalytics */ = {
			isa = XCSwiftPackageProductDependency;
			package = DC6241722A3A649B002CEFC9 /* XCRemoteSwiftPackageReference "firebase-ios-sdk" */;
			productName = FirebaseAnalytics;
		};
		DC6241752A3A649B002CEFC9 /* FirebaseAnalyticsSwift */ = {
			isa = XCSwiftPackageProductDependency;
			package = DC6241722A3A649B002CEFC9 /* XCRemoteSwiftPackageReference "firebase-ios-sdk" */;
			productName = FirebaseAnalyticsSwift;
		};
		DC6241772A3A649B002CEFC9 /* FirebaseAuth */ = {
			isa = XCSwiftPackageProductDependency;
			package = DC6241722A3A649B002CEFC9 /* XCRemoteSwiftPackageReference "firebase-ios-sdk" */;
			productName = FirebaseAuth;
		};
		DC6241792A3A649B002CEFC9 /* FirebaseCrashlytics */ = {
			isa = XCSwiftPackageProductDependency;
			package = DC6241722A3A649B002CEFC9 /* XCRemoteSwiftPackageReference "firebase-ios-sdk" */;
			productName = FirebaseCrashlytics;
		};
		DC62417C2A3A65DA002CEFC9 /* FirebaseAnalytics */ = {
			isa = XCSwiftPackageProductDependency;
			package = DC6241722A3A649B002CEFC9 /* XCRemoteSwiftPackageReference "firebase-ios-sdk" */;
			productName = FirebaseAnalytics;
		};
		DC62417E2A3A65E7002CEFC9 /* FirebaseCrashlytics */ = {
			isa = XCSwiftPackageProductDependency;
			package = DC6241722A3A649B002CEFC9 /* XCRemoteSwiftPackageReference "firebase-ios-sdk" */;
			productName = FirebaseCrashlytics;
		};
/* End XCSwiftPackageProductDependency section */

/* Begin XCVersionGroup section */
		DC6241272A39FA33002CEFC9 /* LeagueCoreData.xcdatamodeld */ = {
			isa = XCVersionGroup;
			children = (
				DC6241282A39FA33002CEFC9 /* LeagueCoreData.xcdatamodel */,
			);
			currentVersion = DC6241282A39FA33002CEFC9 /* LeagueCoreData.xcdatamodel */;
			path = LeagueCoreData.xcdatamodeld;
			sourceTree = "<group>";
			versionGroupType = wrapper.xcdatamodel;
		};
		DC62412A2A39FA90002CEFC9 /* TeamCoreData.xcdatamodeld */ = {
			isa = XCVersionGroup;
			children = (
				DC62412B2A39FA90002CEFC9 /* TeamCoreData.xcdatamodel */,
			);
			currentVersion = DC62412B2A39FA90002CEFC9 /* TeamCoreData.xcdatamodel */;
			path = TeamCoreData.xcdatamodeld;
			sourceTree = "<group>";
			versionGroupType = wrapper.xcdatamodel;
		};
/* End XCVersionGroup section */
	};
	rootObject = DC6240DA2A39EB2E002CEFC9 /* Project object */;
}
